<?xml version="1.0" encoding="utf-8"?>
<Project ToolsVersion="4.0" xmlns="http://schemas.microsoft.com/developer/msbuild/2003">
  <ItemGroup>
    <Filter Include="Source Files">
      <UniqueIdentifier>{4FC737F1-C7A5-4376-A066-2A32D752A2FF}</UniqueIdentifier>
      <Extensions>cpp;c;cc;cxx;def;odl;idl;hpj;bat;asm;asmx</Extensions>
    </Filter>
    <Filter Include="Header Files">
      <UniqueIdentifier>{93995380-89BD-4b04-88EB-625FBE52EBFB}</UniqueIdentifier>
      <Extensions>h;hpp;hxx;hm;inl;inc;xsd</Extensions>
    </Filter>
    <Filter Include="Resource Files">
      <UniqueIdentifier>{67DA6AB6-F800-4c08-8B7A-83BB121AAD01}</UniqueIdentifier>
      <Extensions>rc;ico;cur;bmp;dlg;rc2;rct;bin;rgs;gif;jpg;jpeg;jpe;resx;tiff;tif;png;wav;mfcribbon-ms</Extensions>
    </Filter>
    <Filter Include="LinearAlgebra">
      <UniqueIdentifier>{25b1b48b-b8fc-4854-b4b3-4b187813b418}</UniqueIdentifier>
    </Filter>
  </ItemGroup>
  <ItemGroup>
    <ClCompile Include="Smoke_solver3D.cpp">
      <Filter>Source Files</Filter>
    </ClCompile>
    <ClCompile Include="main.cpp">
      <Filter>Source Files</Filter>
    </ClCompile>
    <ClCompile Include="GeometricLevelGen.cpp">
      <Filter>LinearAlgebra</Filter>
    </ClCompile>
  </ItemGroup>
  <ItemGroup>
    <ClInclude Include="Smoke_solver3D.h">
      <Filter>Header Files</Filter>
    </ClInclude>
    <ClInclude Include="fluid_particle.h">
      <Filter>Header Files</Filter>
    </ClInclude>
    <ClInclude Include="util.h">
      <Filter>Header Files</Filter>
    </ClInclude>
    <ClInclude Include="vec.h">
      <Filter>Header Files</Filter>
    </ClInclude>
    <ClInclude Include="array1.h">
      <Filter>Header Files</Filter>
    </ClInclude>
    <ClInclude Include="array2.h">
      <Filter>Header Files</Filter>
    </ClInclude>
    <ClInclude Include="array2_utils.h">
      <Filter>Header Files</Filter>
    </ClInclude>
    <ClInclude Include="array3.h">
      <Filter>Header Files</Filter>
    </ClInclude>
    <ClInclude Include="array3_utils.h">
      <Filter>Header Files</Filter>
    </ClInclude>
    <ClInclude Include="AlgebraicMultigrid.h">
      <Filter>LinearAlgebra</Filter>
    </ClInclude>
    <ClInclude Include="GeometricLevelGen.h">
      <Filter>LinearAlgebra</Filter>
    </ClInclude>
    <ClInclude Include="blas_wrapper.h">
      <Filter>LinearAlgebra</Filter>
    </ClInclude>
    <ClInclude Include="pcg_solver.h">
      <Filter>LinearAlgebra</Filter>
    </ClInclude>
    <ClInclude Include="sparse_matrix.h">
      <Filter>LinearAlgebra</Filter>
    </ClInclude>
  </ItemGroup>
</Project>